// !$*UTF8*$!
{
	archiveVersion = 1;
	classes = {
	};
	objectVersion = 51;
	objects = {

/* Begin PBXBuildFile section */
		11BC703D9D5ACDC9DFBEE019 /* Pods_ExampleObviousApp.framework in Frameworks */ = {isa = PBXBuildFile; fileRef = CE449EA81A0E4EF68D7C79E7 /* Pods_ExampleObviousApp.framework */; };
		AB6DD020224D5E250022CD8F /* AppDelegate.swift in Sources */ = {isa = PBXBuildFile; fileRef = AB6DD01F224D5E250022CD8F /* AppDelegate.swift */; };
		AB6DD02B224D5E260022CD8F /* Assets.xcassets in Resources */ = {isa = PBXBuildFile; fileRef = AB6DD02A224D5E260022CD8F /* Assets.xcassets */; };
		AB6DD02E224D5E260022CD8F /* LaunchScreen.storyboard in Resources */ = {isa = PBXBuildFile; fileRef = AB6DD02C224D5E260022CD8F /* LaunchScreen.storyboard */; };
		AB6DD039224D5E260022CD8F /* ExampleObviousAppTests.swift in Sources */ = {isa = PBXBuildFile; fileRef = AB6DD038224D5E260022CD8F /* ExampleObviousAppTests.swift */; };
		AB6DD044224D5E260022CD8F /* ExampleObviousAppUITests.swift in Sources */ = {isa = PBXBuildFile; fileRef = AB6DD043224D5E260022CD8F /* ExampleObviousAppUITests.swift */; };
		AB6DD054224D6C0A0022CD8F /* ScanViewController.swift in Sources */ = {isa = PBXBuildFile; fileRef = AB6DD053224D6C0A0022CD8F /* ScanViewController.swift */; };
		AB6DD056224D6C190022CD8F /* DeviceViewController.swift in Sources */ = {isa = PBXBuildFile; fileRef = AB6DD055224D6C190022CD8F /* DeviceViewController.swift */; };
		AB6DD058224D6C320022CD8F /* StoreViewController.swift in Sources */ = {isa = PBXBuildFile; fileRef = AB6DD057224D6C320022CD8F /* StoreViewController.swift */; };
		AB6DD05A224D6D700022CD8F /* Main.storyboard in Resources */ = {isa = PBXBuildFile; fileRef = AB6DD027224D5E250022CD8F /* Main.storyboard */; };
		AB6DD05C224D71C20022CD8F /* BluetoothInteractor.swift in Sources */ = {isa = PBXBuildFile; fileRef = AB6DD05B224D71C20022CD8F /* BluetoothInteractor.swift */; };
		AB6DD05E224D721B0022CD8F /* BluetoothInteractorDelegate.swift in Sources */ = {isa = PBXBuildFile; fileRef = AB6DD05D224D721B0022CD8F /* BluetoothInteractorDelegate.swift */; };
		AB6DD060224D72310022CD8F /* ObviousDevice.swift in Sources */ = {isa = PBXBuildFile; fileRef = AB6DD05F224D72310022CD8F /* ObviousDevice.swift */; };
		AB6DD066224ECF630022CD8F /* CheckoutViewController.swift in Sources */ = {isa = PBXBuildFile; fileRef = AB6DD065224ECF620022CD8F /* CheckoutViewController.swift */; };
		AB6DD068224ED7620022CD8F /* Extensions.swift in Sources */ = {isa = PBXBuildFile; fileRef = AB6DD067224ED7620022CD8F /* Extensions.swift */; };
		AB88EBBE228F5048002093A7 /* OcelotConstants.swift in Sources */ = {isa = PBXBuildFile; fileRef = AB88EBBD228F5048002093A7 /* OcelotConstants.swift */; };
		ABB579AD22824A6C00844215 /* LicensesViewController.swift in Sources */ = {isa = PBXBuildFile; fileRef = ABB579AC22824A6C00844215 /* LicensesViewController.swift */; };
		ABDF8167233922C3007E515F /* ObviousFeatureInfo.swift in Sources */ = {isa = PBXBuildFile; fileRef = ABDF8166233922C3007E515F /* ObviousFeatureInfo.swift */; };
		ABF2E1CF22832ED200E7A987 /* StateManager.swift in Sources */ = {isa = PBXBuildFile; fileRef = ABF2E1CE22832ED200E7A987 /* StateManager.swift */; };
		EC5FD94F285B10526AD42290 /* Pods_ExampleObviousAppTests.framework in Frameworks */ = {isa = PBXBuildFile; fileRef = 90A9C773E7C011CB68C2E786 /* Pods_ExampleObviousAppTests.framework */; };
/* End PBXBuildFile section */

/* Begin PBXContainerItemProxy section */
		AB6DD035224D5E260022CD8F /* PBXContainerItemProxy */ = {
			isa = PBXContainerItemProxy;
			containerPortal = AB6DD014224D5E250022CD8F /* Project object */;
			proxyType = 1;
			remoteGlobalIDString = AB6DD01B224D5E250022CD8F;
			remoteInfo = ExampleObviousApp;
		};
		AB6DD040224D5E260022CD8F /* PBXContainerItemProxy */ = {
			isa = PBXContainerItemProxy;
			containerPortal = AB6DD014224D5E250022CD8F /* Project object */;
			proxyType = 1;
			remoteGlobalIDString = AB6DD01B224D5E250022CD8F;
			remoteInfo = ExampleObviousApp;
		};
/* End PBXContainerItemProxy section */

/* Begin PBXFileReference section */
		633F17E3E5D10AEFD52FCE1B /* Pods-ExampleObviousAppTests.debug.xcconfig */ = {isa = PBXFileReference; includeInIndex = 1; lastKnownFileType = text.xcconfig; name = "Pods-ExampleObviousAppTests.debug.xcconfig"; path = "Target Support Files/Pods-ExampleObviousAppTests/Pods-ExampleObviousAppTests.debug.xcconfig"; sourceTree = "<group>"; };
		6353F1B84ABD3BF65F108FE1 /* Pods-ExampleObviousApp.debug.xcconfig */ = {isa = PBXFileReference; includeInIndex = 1; lastKnownFileType = text.xcconfig; name = "Pods-ExampleObviousApp.debug.xcconfig"; path = "Target Support Files/Pods-ExampleObviousApp/Pods-ExampleObviousApp.debug.xcconfig"; sourceTree = "<group>"; };
		90A9C773E7C011CB68C2E786 /* Pods_ExampleObviousAppTests.framework */ = {isa = PBXFileReference; explicitFileType = wrapper.framework; includeInIndex = 0; path = Pods_ExampleObviousAppTests.framework; sourceTree = BUILT_PRODUCTS_DIR; };
		9343FE0AD021557DF5CCCB67 /* Pods-ExampleObviousAppTests.release.xcconfig */ = {isa = PBXFileReference; includeInIndex = 1; lastKnownFileType = text.xcconfig; name = "Pods-ExampleObviousAppTests.release.xcconfig"; path = "Target Support Files/Pods-ExampleObviousAppTests/Pods-ExampleObviousAppTests.release.xcconfig"; sourceTree = "<group>"; };
		9A8CFCFCCD85743B26BDA3BF /* Pods-ExampleObviousApp.release.xcconfig */ = {isa = PBXFileReference; includeInIndex = 1; lastKnownFileType = text.xcconfig; name = "Pods-ExampleObviousApp.release.xcconfig"; path = "Target Support Files/Pods-ExampleObviousApp/Pods-ExampleObviousApp.release.xcconfig"; sourceTree = "<group>"; };
		AB6DD01C224D5E250022CD8F /* ExampleObviousApp.app */ = {isa = PBXFileReference; explicitFileType = wrapper.application; includeInIndex = 0; path = ExampleObviousApp.app; sourceTree = BUILT_PRODUCTS_DIR; };
		AB6DD01F224D5E250022CD8F /* AppDelegate.swift */ = {isa = PBXFileReference; lastKnownFileType = sourcecode.swift; path = AppDelegate.swift; sourceTree = "<group>"; };
		AB6DD028224D5E250022CD8F /* Base */ = {isa = PBXFileReference; lastKnownFileType = file.storyboard; name = Base; path = Base.lproj/Main.storyboard; sourceTree = "<group>"; };
		AB6DD02A224D5E260022CD8F /* Assets.xcassets */ = {isa = PBXFileReference; lastKnownFileType = folder.assetcatalog; path = Assets.xcassets; sourceTree = "<group>"; };
		AB6DD02D224D5E260022CD8F /* Base */ = {isa = PBXFileReference; lastKnownFileType = file.storyboard; name = Base; path = Base.lproj/LaunchScreen.storyboard; sourceTree = "<group>"; };
		AB6DD02F224D5E260022CD8F /* Info.plist */ = {isa = PBXFileReference; lastKnownFileType = text.plist.xml; path = Info.plist; sourceTree = "<group>"; };
		AB6DD034224D5E260022CD8F /* ExampleObviousAppTests.xctest */ = {isa = PBXFileReference; explicitFileType = wrapper.cfbundle; includeInIndex = 0; path = ExampleObviousAppTests.xctest; sourceTree = BUILT_PRODUCTS_DIR; };
		AB6DD038224D5E260022CD8F /* ExampleObviousAppTests.swift */ = {isa = PBXFileReference; lastKnownFileType = sourcecode.swift; path = ExampleObviousAppTests.swift; sourceTree = "<group>"; };
		AB6DD03A224D5E260022CD8F /* Info.plist */ = {isa = PBXFileReference; lastKnownFileType = text.plist.xml; path = Info.plist; sourceTree = "<group>"; };
		AB6DD03F224D5E260022CD8F /* ExampleObviousAppUITests.xctest */ = {isa = PBXFileReference; explicitFileType = wrapper.cfbundle; includeInIndex = 0; path = ExampleObviousAppUITests.xctest; sourceTree = BUILT_PRODUCTS_DIR; };
		AB6DD043224D5E260022CD8F /* ExampleObviousAppUITests.swift */ = {isa = PBXFileReference; lastKnownFileType = sourcecode.swift; path = ExampleObviousAppUITests.swift; sourceTree = "<group>"; };
		AB6DD045224D5E260022CD8F /* Info.plist */ = {isa = PBXFileReference; lastKnownFileType = text.plist.xml; path = Info.plist; sourceTree = "<group>"; };
		AB6DD053224D6C0A0022CD8F /* ScanViewController.swift */ = {isa = PBXFileReference; lastKnownFileType = sourcecode.swift; path = ScanViewController.swift; sourceTree = "<group>"; };
		AB6DD055224D6C190022CD8F /* DeviceViewController.swift */ = {isa = PBXFileReference; lastKnownFileType = sourcecode.swift; path = DeviceViewController.swift; sourceTree = "<group>"; };
		AB6DD057224D6C320022CD8F /* StoreViewController.swift */ = {isa = PBXFileReference; lastKnownFileType = sourcecode.swift; path = StoreViewController.swift; sourceTree = "<group>"; };
		AB6DD05B224D71C20022CD8F /* BluetoothInteractor.swift */ = {isa = PBXFileReference; lastKnownFileType = sourcecode.swift; path = BluetoothInteractor.swift; sourceTree = "<group>"; };
		AB6DD05D224D721B0022CD8F /* BluetoothInteractorDelegate.swift */ = {isa = PBXFileReference; lastKnownFileType = sourcecode.swift; path = BluetoothInteractorDelegate.swift; sourceTree = "<group>"; };
		AB6DD05F224D72310022CD8F /* ObviousDevice.swift */ = {isa = PBXFileReference; lastKnownFileType = sourcecode.swift; path = ObviousDevice.swift; sourceTree = "<group>"; };
		AB6DD065224ECF620022CD8F /* CheckoutViewController.swift */ = {isa = PBXFileReference; lastKnownFileType = sourcecode.swift; path = CheckoutViewController.swift; sourceTree = "<group>"; };
		AB6DD067224ED7620022CD8F /* Extensions.swift */ = {isa = PBXFileReference; lastKnownFileType = sourcecode.swift; path = Extensions.swift; sourceTree = "<group>"; };
		AB88EBBD228F5048002093A7 /* OcelotConstants.swift */ = {isa = PBXFileReference; fileEncoding = 4; lastKnownFileType = sourcecode.swift; path = OcelotConstants.swift; sourceTree = "<group>"; };
		ABB579AC22824A6C00844215 /* LicensesViewController.swift */ = {isa = PBXFileReference; lastKnownFileType = sourcecode.swift; path = LicensesViewController.swift; sourceTree = "<group>"; };
		ABDF8166233922C3007E515F /* ObviousFeatureInfo.swift */ = {isa = PBXFileReference; lastKnownFileType = sourcecode.swift; path = ObviousFeatureInfo.swift; sourceTree = "<group>"; };
		ABF2E1CE22832ED200E7A987 /* StateManager.swift */ = {isa = PBXFileReference; lastKnownFileType = sourcecode.swift; path = StateManager.swift; sourceTree = "<group>"; };
		CE449EA81A0E4EF68D7C79E7 /* Pods_ExampleObviousApp.framework */ = {isa = PBXFileReference; explicitFileType = wrapper.framework; includeInIndex = 0; path = Pods_ExampleObviousApp.framework; sourceTree = BUILT_PRODUCTS_DIR; };
/* End PBXFileReference section */

/* Begin PBXFrameworksBuildPhase section */
		AB6DD019224D5E250022CD8F /* Frameworks */ = {
			isa = PBXFrameworksBuildPhase;
			buildActionMask = 2147483647;
			files = (
				11BC703D9D5ACDC9DFBEE019 /* Pods_ExampleObviousApp.framework in Frameworks */,
			);
			runOnlyForDeploymentPostprocessing = 0;
		};
		AB6DD031224D5E260022CD8F /* Frameworks */ = {
			isa = PBXFrameworksBuildPhase;
			buildActionMask = 2147483647;
			files = (
				EC5FD94F285B10526AD42290 /* Pods_ExampleObviousAppTests.framework in Frameworks */,
			);
			runOnlyForDeploymentPostprocessing = 0;
		};
		AB6DD03C224D5E260022CD8F /* Frameworks */ = {
			isa = PBXFrameworksBuildPhase;
			buildActionMask = 2147483647;
			files = (
			);
			runOnlyForDeploymentPostprocessing = 0;
		};
/* End PBXFrameworksBuildPhase section */

/* Begin PBXGroup section */
		42330B51B992898337DDDFAE /* Frameworks */ = {
			isa = PBXGroup;
			children = (
				CE449EA81A0E4EF68D7C79E7 /* Pods_ExampleObviousApp.framework */,
				90A9C773E7C011CB68C2E786 /* Pods_ExampleObviousAppTests.framework */,
			);
			name = Frameworks;
			sourceTree = "<group>";
		};
		4EE37FE28CCD4E654A1FD867 /* Pods */ = {
			isa = PBXGroup;
			children = (
				6353F1B84ABD3BF65F108FE1 /* Pods-ExampleObviousApp.debug.xcconfig */,
				9A8CFCFCCD85743B26BDA3BF /* Pods-ExampleObviousApp.release.xcconfig */,
				633F17E3E5D10AEFD52FCE1B /* Pods-ExampleObviousAppTests.debug.xcconfig */,
				9343FE0AD021557DF5CCCB67 /* Pods-ExampleObviousAppTests.release.xcconfig */,
			);
			name = Pods;
			path = ../Pods;
			sourceTree = "<group>";
		};
		AB6DD013224D5E250022CD8F = {
			isa = PBXGroup;
			children = (
				AB6DD01E224D5E250022CD8F /* ExampleObviousApp */,
				AB6DD037224D5E260022CD8F /* ExampleObviousAppTests */,
				AB6DD042224D5E260022CD8F /* ExampleObviousAppUITests */,
				AB6DD01D224D5E250022CD8F /* Products */,
				4EE37FE28CCD4E654A1FD867 /* Pods */,
				42330B51B992898337DDDFAE /* Frameworks */,
			);
			sourceTree = "<group>";
		};
		AB6DD01D224D5E250022CD8F /* Products */ = {
			isa = PBXGroup;
			children = (
				AB6DD01C224D5E250022CD8F /* ExampleObviousApp.app */,
				AB6DD034224D5E260022CD8F /* ExampleObviousAppTests.xctest */,
				AB6DD03F224D5E260022CD8F /* ExampleObviousAppUITests.xctest */,
			);
			name = Products;
			sourceTree = "<group>";
		};
		AB6DD01E224D5E250022CD8F /* ExampleObviousApp */ = {
			isa = PBXGroup;
			children = (
				AB6DD051224D6BE20022CD8F /* Bluetooth */,
				AB8D6CBA23982C0000FDB068 /* UI */,
				AB6DD052224D6BEC0022CD8F /* ViewControllers */,
				AB6DD01F224D5E250022CD8F /* AppDelegate.swift */,
				AB6DD067224ED7620022CD8F /* Extensions.swift */,
				AB88EBBD228F5048002093A7 /* OcelotConstants.swift */,
				ABF2E1CE22832ED200E7A987 /* StateManager.swift */,
				AB6DD02A224D5E260022CD8F /* Assets.xcassets */,
				AB6DD02F224D5E260022CD8F /* Info.plist */,
			);
			path = ExampleObviousApp;
			sourceTree = "<group>";
		};
		AB6DD037224D5E260022CD8F /* ExampleObviousAppTests */ = {
			isa = PBXGroup;
			children = (
				AB6DD038224D5E260022CD8F /* ExampleObviousAppTests.swift */,
				AB6DD03A224D5E260022CD8F /* Info.plist */,
			);
			path = ExampleObviousAppTests;
			sourceTree = "<group>";
		};
		AB6DD042224D5E260022CD8F /* ExampleObviousAppUITests */ = {
			isa = PBXGroup;
			children = (
				AB6DD043224D5E260022CD8F /* ExampleObviousAppUITests.swift */,
				AB6DD045224D5E260022CD8F /* Info.plist */,
			);
			path = ExampleObviousAppUITests;
			sourceTree = "<group>";
		};
		AB6DD051224D6BE20022CD8F /* Bluetooth */ = {
			isa = PBXGroup;
			children = (
				AB6DD05B224D71C20022CD8F /* BluetoothInteractor.swift */,
				AB6DD05D224D721B0022CD8F /* BluetoothInteractorDelegate.swift */,
				AB6DD05F224D72310022CD8F /* ObviousDevice.swift */,
				ABDF8166233922C3007E515F /* ObviousFeatureInfo.swift */,
			);
			path = Bluetooth;
			sourceTree = "<group>";
		};
		AB6DD052224D6BEC0022CD8F /* ViewControllers */ = {
			isa = PBXGroup;
			children = (
				AB6DD065224ECF620022CD8F /* CheckoutViewController.swift */,
				AB6DD055224D6C190022CD8F /* DeviceViewController.swift */,
				AB6DD053224D6C0A0022CD8F /* ScanViewController.swift */,
				AB6DD057224D6C320022CD8F /* StoreViewController.swift */,
				ABB579AC22824A6C00844215 /* LicensesViewController.swift */,
			);
			path = ViewControllers;
			sourceTree = "<group>";
		};
		AB8D6CBA23982C0000FDB068 /* UI */ = {
			isa = PBXGroup;
			children = (
				AB6DD02C224D5E260022CD8F /* LaunchScreen.storyboard */,
				AB6DD027224D5E250022CD8F /* Main.storyboard */,
			);
			path = UI;
			sourceTree = "<group>";
		};
/* End PBXGroup section */

/* Begin PBXNativeTarget section */
		AB6DD01B224D5E250022CD8F /* ExampleObviousApp */ = {
			isa = PBXNativeTarget;
			buildConfigurationList = AB6DD048224D5E260022CD8F /* Build configuration list for PBXNativeTarget "ExampleObviousApp" */;
			buildPhases = (
				3FE74D212FA7B867857D969E /* [CP] Check Pods Manifest.lock */,
				AB6DD018224D5E250022CD8F /* Sources */,
				AB6DD019224D5E250022CD8F /* Frameworks */,
				AB6DD01A224D5E250022CD8F /* Resources */,
				95D4A5A53FF3F6B1667810EF /* [CP] Embed Pods Frameworks */,
			);
			buildRules = (
			);
			dependencies = (
			);
			name = ExampleObviousApp;
			productName = ExampleObviousApp;
			productReference = AB6DD01C224D5E250022CD8F /* ExampleObviousApp.app */;
			productType = "com.apple.product-type.application";
		};
		AB6DD033224D5E260022CD8F /* ExampleObviousAppTests */ = {
			isa = PBXNativeTarget;
			buildConfigurationList = AB6DD04B224D5E260022CD8F /* Build configuration list for PBXNativeTarget "ExampleObviousAppTests" */;
			buildPhases = (
				3AD473C48F951DF9282A0189 /* [CP] Check Pods Manifest.lock */,
				AB6DD030224D5E260022CD8F /* Sources */,
				AB6DD031224D5E260022CD8F /* Frameworks */,
				AB6DD032224D5E260022CD8F /* Resources */,
			);
			buildRules = (
			);
			dependencies = (
				AB6DD036224D5E260022CD8F /* PBXTargetDependency */,
			);
			name = ExampleObviousAppTests;
			productName = ExampleObviousAppTests;
			productReference = AB6DD034224D5E260022CD8F /* ExampleObviousAppTests.xctest */;
			productType = "com.apple.product-type.bundle.unit-test";
		};
		AB6DD03E224D5E260022CD8F /* ExampleObviousAppUITests */ = {
			isa = PBXNativeTarget;
			buildConfigurationList = AB6DD04E224D5E260022CD8F /* Build configuration list for PBXNativeTarget "ExampleObviousAppUITests" */;
			buildPhases = (
				AB6DD03B224D5E260022CD8F /* Sources */,
				AB6DD03C224D5E260022CD8F /* Frameworks */,
				AB6DD03D224D5E260022CD8F /* Resources */,
			);
			buildRules = (
			);
			dependencies = (
				AB6DD041224D5E260022CD8F /* PBXTargetDependency */,
			);
			name = ExampleObviousAppUITests;
			productName = ExampleObviousAppUITests;
			productReference = AB6DD03F224D5E260022CD8F /* ExampleObviousAppUITests.xctest */;
			productType = "com.apple.product-type.bundle.ui-testing";
		};
/* End PBXNativeTarget section */

/* Begin PBXProject section */
		AB6DD014224D5E250022CD8F /* Project object */ = {
			isa = PBXProject;
			attributes = {
				LastSwiftUpdateCheck = 1010;
				LastUpgradeCheck = 1010;
				ORGANIZATIONNAME = "David Shen";
				TargetAttributes = {
					AB6DD01B224D5E250022CD8F = {
						CreatedOnToolsVersion = 10.1;
						LastSwiftMigration = 1020;
					};
					AB6DD033224D5E260022CD8F = {
						CreatedOnToolsVersion = 10.1;
						LastSwiftMigration = 1020;
						TestTargetID = AB6DD01B224D5E250022CD8F;
					};
					AB6DD03E224D5E260022CD8F = {
						CreatedOnToolsVersion = 10.1;
						LastSwiftMigration = 1020;
						TestTargetID = AB6DD01B224D5E250022CD8F;
					};
				};
			};
			buildConfigurationList = AB6DD017224D5E250022CD8F /* Build configuration list for PBXProject "ExampleObviousApp" */;
			compatibilityVersion = "Xcode 9.3";
			developmentRegion = en;
			hasScannedForEncodings = 0;
			knownRegions = (
				en,
				Base,
			);
			mainGroup = AB6DD013224D5E250022CD8F;
			productRefGroup = AB6DD01D224D5E250022CD8F /* Products */;
			projectDirPath = "";
			projectRoot = "";
			targets = (
				AB6DD01B224D5E250022CD8F /* ExampleObviousApp */,
				AB6DD033224D5E260022CD8F /* ExampleObviousAppTests */,
				AB6DD03E224D5E260022CD8F /* ExampleObviousAppUITests */,
			);
		};
/* End PBXProject section */

/* Begin PBXResourcesBuildPhase section */
		AB6DD01A224D5E250022CD8F /* Resources */ = {
			isa = PBXResourcesBuildPhase;
			buildActionMask = 2147483647;
			files = (
				AB6DD05A224D6D700022CD8F /* Main.storyboard in Resources */,
				AB6DD02E224D5E260022CD8F /* LaunchScreen.storyboard in Resources */,
				AB6DD02B224D5E260022CD8F /* Assets.xcassets in Resources */,
			);
			runOnlyForDeploymentPostprocessing = 0;
		};
		AB6DD032224D5E260022CD8F /* Resources */ = {
			isa = PBXResourcesBuildPhase;
			buildActionMask = 2147483647;
			files = (
			);
			runOnlyForDeploymentPostprocessing = 0;
		};
		AB6DD03D224D5E260022CD8F /* Resources */ = {
			isa = PBXResourcesBuildPhase;
			buildActionMask = 2147483647;
			files = (
			);
			runOnlyForDeploymentPostprocessing = 0;
		};
/* End PBXResourcesBuildPhase section */

/* Begin PBXShellScriptBuildPhase section */
		3AD473C48F951DF9282A0189 /* [CP] Check Pods Manifest.lock */ = {
			isa = PBXShellScriptBuildPhase;
			buildActionMask = 2147483647;
			files = (
			);
			inputFileListPaths = (
			);
			inputPaths = (
				"${PODS_PODFILE_DIR_PATH}/Podfile.lock",
				"${PODS_ROOT}/Manifest.lock",
			);
			name = "[CP] Check Pods Manifest.lock";
			outputFileListPaths = (
			);
			outputPaths = (
				"$(DERIVED_FILE_DIR)/Pods-ExampleObviousAppTests-checkManifestLockResult.txt",
			);
			runOnlyForDeploymentPostprocessing = 0;
			shellPath = /bin/sh;
			shellScript = "diff \"${PODS_PODFILE_DIR_PATH}/Podfile.lock\" \"${PODS_ROOT}/Manifest.lock\" > /dev/null\nif [ $? != 0 ] ; then\n    # print error to STDERR\n    echo \"error: The sandbox is not in sync with the Podfile.lock. Run 'pod install' or update your CocoaPods installation.\" >&2\n    exit 1\nfi\n# This output is used by Xcode 'outputs' to avoid re-running this script phase.\necho \"SUCCESS\" > \"${SCRIPT_OUTPUT_FILE_0}\"\n";
			showEnvVarsInLog = 0;
		};
		3FE74D212FA7B867857D969E /* [CP] Check Pods Manifest.lock */ = {
			isa = PBXShellScriptBuildPhase;
			buildActionMask = 2147483647;
			files = (
			);
			inputFileListPaths = (
			);
			inputPaths = (
				"${PODS_PODFILE_DIR_PATH}/Podfile.lock",
				"${PODS_ROOT}/Manifest.lock",
			);
			name = "[CP] Check Pods Manifest.lock";
			outputFileListPaths = (
			);
			outputPaths = (
				"$(DERIVED_FILE_DIR)/Pods-ExampleObviousApp-checkManifestLockResult.txt",
			);
			runOnlyForDeploymentPostprocessing = 0;
			shellPath = /bin/sh;
			shellScript = "diff \"${PODS_PODFILE_DIR_PATH}/Podfile.lock\" \"${PODS_ROOT}/Manifest.lock\" > /dev/null\nif [ $? != 0 ] ; then\n    # print error to STDERR\n    echo \"error: The sandbox is not in sync with the Podfile.lock. Run 'pod install' or update your CocoaPods installation.\" >&2\n    exit 1\nfi\n# This output is used by Xcode 'outputs' to avoid re-running this script phase.\necho \"SUCCESS\" > \"${SCRIPT_OUTPUT_FILE_0}\"\n";
			showEnvVarsInLog = 0;
		};
		95D4A5A53FF3F6B1667810EF /* [CP] Embed Pods Frameworks */ = {
			isa = PBXShellScriptBuildPhase;
			buildActionMask = 2147483647;
			files = (
			);
			inputFileListPaths = (
				"${PODS_ROOT}/Target Support Files/Pods-ExampleObviousApp/Pods-ExampleObviousApp-frameworks-${CONFIGURATION}-input-files.xcfilelist",
			);
			name = "[CP] Embed Pods Frameworks";
			outputFileListPaths = (
				"${PODS_ROOT}/Target Support Files/Pods-ExampleObviousApp/Pods-ExampleObviousApp-frameworks-${CONFIGURATION}-output-files.xcfilelist",
			);
			runOnlyForDeploymentPostprocessing = 0;
			shellPath = /bin/sh;
			shellScript = "\"${PODS_ROOT}/Target Support Files/Pods-ExampleObviousApp/Pods-ExampleObviousApp-frameworks.sh\"\n";
			showEnvVarsInLog = 0;
		};
/* End PBXShellScriptBuildPhase section */

/* Begin PBXSourcesBuildPhase section */
		AB6DD018224D5E250022CD8F /* Sources */ = {
			isa = PBXSourcesBuildPhase;
			buildActionMask = 2147483647;
			files = (
				ABB579AD22824A6C00844215 /* LicensesViewController.swift in Sources */,
				AB6DD05C224D71C20022CD8F /* BluetoothInteractor.swift in Sources */,
				AB6DD056224D6C190022CD8F /* DeviceViewController.swift in Sources */,
				AB6DD054224D6C0A0022CD8F /* ScanViewController.swift in Sources */,
				AB6DD020224D5E250022CD8F /* AppDelegate.swift in Sources */,
				ABF2E1CF22832ED200E7A987 /* StateManager.swift in Sources */,
				AB6DD05E224D721B0022CD8F /* BluetoothInteractorDelegate.swift in Sources */,
				AB6DD058224D6C320022CD8F /* StoreViewController.swift in Sources */,
				AB88EBBE228F5048002093A7 /* OcelotConstants.swift in Sources */,
				ABDF8167233922C3007E515F /* ObviousFeatureInfo.swift in Sources */,
				AB6DD066224ECF630022CD8F /* CheckoutViewController.swift in Sources */,
				AB6DD068224ED7620022CD8F /* Extensions.swift in Sources */,
				AB6DD060224D72310022CD8F /* ObviousDevice.swift in Sources */,
			);
			runOnlyForDeploymentPostprocessing = 0;
		};
		AB6DD030224D5E260022CD8F /* Sources */ = {
			isa = PBXSourcesBuildPhase;
			buildActionMask = 2147483647;
			files = (
				AB6DD039224D5E260022CD8F /* ExampleObviousAppTests.swift in Sources */,
			);
			runOnlyForDeploymentPostprocessing = 0;
		};
		AB6DD03B224D5E260022CD8F /* Sources */ = {
			isa = PBXSourcesBuildPhase;
			buildActionMask = 2147483647;
			files = (
				AB6DD044224D5E260022CD8F /* ExampleObviousAppUITests.swift in Sources */,
			);
			runOnlyForDeploymentPostprocessing = 0;
		};
/* End PBXSourcesBuildPhase section */

/* Begin PBXTargetDependency section */
		AB6DD036224D5E260022CD8F /* PBXTargetDependency */ = {
			isa = PBXTargetDependency;
			target = AB6DD01B224D5E250022CD8F /* ExampleObviousApp */;
			targetProxy = AB6DD035224D5E260022CD8F /* PBXContainerItemProxy */;
		};
		AB6DD041224D5E260022CD8F /* PBXTargetDependency */ = {
			isa = PBXTargetDependency;
			target = AB6DD01B224D5E250022CD8F /* ExampleObviousApp */;
			targetProxy = AB6DD040224D5E260022CD8F /* PBXContainerItemProxy */;
		};
/* End PBXTargetDependency section */

/* Begin PBXVariantGroup section */
		AB6DD027224D5E250022CD8F /* Main.storyboard */ = {
			isa = PBXVariantGroup;
			children = (
				AB6DD028224D5E250022CD8F /* Base */,
			);
			name = Main.storyboard;
			sourceTree = "<group>";
		};
		AB6DD02C224D5E260022CD8F /* LaunchScreen.storyboard */ = {
			isa = PBXVariantGroup;
			children = (
				AB6DD02D224D5E260022CD8F /* Base */,
			);
			name = LaunchScreen.storyboard;
			sourceTree = "<group>";
		};
/* End PBXVariantGroup section */

/* Begin XCBuildConfiguration section */
		AB6DD046224D5E260022CD8F /* Debug */ = {
			isa = XCBuildConfiguration;
			buildSettings = {
				ALWAYS_SEARCH_USER_PATHS = NO;
				CLANG_ANALYZER_NONNULL = YES;
				CLANG_ANALYZER_NUMBER_OBJECT_CONVERSION = YES_AGGRESSIVE;
				CLANG_CXX_LANGUAGE_STANDARD = "gnu++14";
				CLANG_CXX_LIBRARY = "libc++";
				CLANG_ENABLE_MODULES = YES;
				CLANG_ENABLE_OBJC_ARC = YES;
				CLANG_ENABLE_OBJC_WEAK = YES;
				CLANG_WARN_BLOCK_CAPTURE_AUTORELEASING = YES;
				CLANG_WARN_BOOL_CONVERSION = YES;
				CLANG_WARN_COMMA = YES;
				CLANG_WARN_CONSTANT_CONVERSION = YES;
				CLANG_WARN_DEPRECATED_OBJC_IMPLEMENTATIONS = YES;
				CLANG_WARN_DIRECT_OBJC_ISA_USAGE = YES_ERROR;
				CLANG_WARN_DOCUMENTATION_COMMENTS = YES;
				CLANG_WARN_EMPTY_BODY = YES;
				CLANG_WARN_ENUM_CONVERSION = YES;
				CLANG_WARN_INFINITE_RECURSION = YES;
				CLANG_WARN_INT_CONVERSION = YES;
				CLANG_WARN_NON_LITERAL_NULL_CONVERSION = YES;
				CLANG_WARN_OBJC_IMPLICIT_RETAIN_SELF = YES;
				CLANG_WARN_OBJC_LITERAL_CONVERSION = YES;
				CLANG_WARN_OBJC_ROOT_CLASS = YES_ERROR;
				CLANG_WARN_RANGE_LOOP_ANALYSIS = YES;
				CLANG_WARN_STRICT_PROTOTYPES = YES;
				CLANG_WARN_SUSPICIOUS_MOVE = YES;
				CLANG_WARN_UNGUARDED_AVAILABILITY = YES_AGGRESSIVE;
				CLANG_WARN_UNREACHABLE_CODE = YES;
				CLANG_WARN__DUPLICATE_METHOD_MATCH = YES;
				CODE_SIGN_IDENTITY = "iPhone Developer";
				COPY_PHASE_STRIP = NO;
				DEBUG_INFORMATION_FORMAT = dwarf;
				ENABLE_STRICT_OBJC_MSGSEND = YES;
				ENABLE_TESTABILITY = YES;
				GCC_C_LANGUAGE_STANDARD = gnu11;
				GCC_DYNAMIC_NO_PIC = NO;
				GCC_NO_COMMON_BLOCKS = YES;
				GCC_OPTIMIZATION_LEVEL = 0;
				GCC_PREPROCESSOR_DEFINITIONS = (
					"DEBUG=1",
					"$(inherited)",
				);
				GCC_WARN_64_TO_32_BIT_CONVERSION = YES;
				GCC_WARN_ABOUT_RETURN_TYPE = YES_ERROR;
				GCC_WARN_UNDECLARED_SELECTOR = YES;
				GCC_WARN_UNINITIALIZED_AUTOS = YES_AGGRESSIVE;
				GCC_WARN_UNUSED_FUNCTION = YES;
				GCC_WARN_UNUSED_VARIABLE = YES;
				IPHONEOS_DEPLOYMENT_TARGET = 11.0;
				MTL_ENABLE_DEBUG_INFO = INCLUDE_SOURCE;
				MTL_FAST_MATH = YES;
				ONLY_ACTIVE_ARCH = YES;
				SDKROOT = iphoneos;
				SWIFT_ACTIVE_COMPILATION_CONDITIONS = DEBUG;
				SWIFT_OPTIMIZATION_LEVEL = "-Onone";
			};
			name = Debug;
		};
		AB6DD047224D5E260022CD8F /* Release */ = {
			isa = XCBuildConfiguration;
			buildSettings = {
				ALWAYS_SEARCH_USER_PATHS = NO;
				CLANG_ANALYZER_NONNULL = YES;
				CLANG_ANALYZER_NUMBER_OBJECT_CONVERSION = YES_AGGRESSIVE;
				CLANG_CXX_LANGUAGE_STANDARD = "gnu++14";
				CLANG_CXX_LIBRARY = "libc++";
				CLANG_ENABLE_MODULES = YES;
				CLANG_ENABLE_OBJC_ARC = YES;
				CLANG_ENABLE_OBJC_WEAK = YES;
				CLANG_WARN_BLOCK_CAPTURE_AUTORELEASING = YES;
				CLANG_WARN_BOOL_CONVERSION = YES;
				CLANG_WARN_COMMA = YES;
				CLANG_WARN_CONSTANT_CONVERSION = YES;
				CLANG_WARN_DEPRECATED_OBJC_IMPLEMENTATIONS = YES;
				CLANG_WARN_DIRECT_OBJC_ISA_USAGE = YES_ERROR;
				CLANG_WARN_DOCUMENTATION_COMMENTS = YES;
				CLANG_WARN_EMPTY_BODY = YES;
				CLANG_WARN_ENUM_CONVERSION = YES;
				CLANG_WARN_INFINITE_RECURSION = YES;
				CLANG_WARN_INT_CONVERSION = YES;
				CLANG_WARN_NON_LITERAL_NULL_CONVERSION = YES;
				CLANG_WARN_OBJC_IMPLICIT_RETAIN_SELF = YES;
				CLANG_WARN_OBJC_LITERAL_CONVERSION = YES;
				CLANG_WARN_OBJC_ROOT_CLASS = YES_ERROR;
				CLANG_WARN_RANGE_LOOP_ANALYSIS = YES;
				CLANG_WARN_STRICT_PROTOTYPES = YES;
				CLANG_WARN_SUSPICIOUS_MOVE = YES;
				CLANG_WARN_UNGUARDED_AVAILABILITY = YES_AGGRESSIVE;
				CLANG_WARN_UNREACHABLE_CODE = YES;
				CLANG_WARN__DUPLICATE_METHOD_MATCH = YES;
				CODE_SIGN_IDENTITY = "iPhone Developer";
				COPY_PHASE_STRIP = NO;
				DEBUG_INFORMATION_FORMAT = "dwarf-with-dsym";
				ENABLE_NS_ASSERTIONS = NO;
				ENABLE_STRICT_OBJC_MSGSEND = YES;
				GCC_C_LANGUAGE_STANDARD = gnu11;
				GCC_NO_COMMON_BLOCKS = YES;
				GCC_WARN_64_TO_32_BIT_CONVERSION = YES;
				GCC_WARN_ABOUT_RETURN_TYPE = YES_ERROR;
				GCC_WARN_UNDECLARED_SELECTOR = YES;
				GCC_WARN_UNINITIALIZED_AUTOS = YES_AGGRESSIVE;
				GCC_WARN_UNUSED_FUNCTION = YES;
				GCC_WARN_UNUSED_VARIABLE = YES;
				IPHONEOS_DEPLOYMENT_TARGET = 11.0;
				MTL_ENABLE_DEBUG_INFO = NO;
				MTL_FAST_MATH = YES;
				SDKROOT = iphoneos;
				SWIFT_COMPILATION_MODE = wholemodule;
				SWIFT_OPTIMIZATION_LEVEL = "-O";
				VALIDATE_PRODUCT = YES;
			};
			name = Release;
		};
		AB6DD049224D5E260022CD8F /* Debug */ = {
			isa = XCBuildConfiguration;
			baseConfigurationReference = 6353F1B84ABD3BF65F108FE1 /* Pods-ExampleObviousApp.debug.xcconfig */;
			buildSettings = {
				ASSETCATALOG_COMPILER_APPICON_NAME = AppIcon;
				CODE_SIGN_STYLE = Automatic;
				DEVELOPMENT_TEAM = EUL7UYLX84;
				INFOPLIST_FILE = ExampleObviousApp/Info.plist;
				IPHONEOS_DEPLOYMENT_TARGET = 11.0;
				LD_RUNPATH_SEARCH_PATHS = (
					"$(inherited)",
					"@executable_path/Frameworks",
				);
				PRODUCT_BUNDLE_IDENTIFIER = com.example.ExampleObviousApp;
				PRODUCT_NAME = "$(TARGET_NAME)";
				SWIFT_VERSION = 5.0;
				TARGETED_DEVICE_FAMILY = "1,2";
			};
			name = Debug;
		};
		AB6DD04A224D5E260022CD8F /* Release */ = {
			isa = XCBuildConfiguration;
			baseConfigurationReference = 9A8CFCFCCD85743B26BDA3BF /* Pods-ExampleObviousApp.release.xcconfig */;
			buildSettings = {
				ASSETCATALOG_COMPILER_APPICON_NAME = AppIcon;
				CODE_SIGN_STYLE = Automatic;
				DEVELOPMENT_TEAM = EUL7UYLX84;
				INFOPLIST_FILE = ExampleObviousApp/Info.plist;
				IPHONEOS_DEPLOYMENT_TARGET = 11.0;
				LD_RUNPATH_SEARCH_PATHS = (
					"$(inherited)",
					"@executable_path/Frameworks",
				);
				PRODUCT_BUNDLE_IDENTIFIER = com.example.ExampleObviousApp;
				PRODUCT_NAME = "$(TARGET_NAME)";
				SWIFT_VERSION = 5.0;
				TARGETED_DEVICE_FAMILY = "1,2";
			};
			name = Release;
		};
		AB6DD04C224D5E260022CD8F /* Debug */ = {
			isa = XCBuildConfiguration;
			baseConfigurationReference = 633F17E3E5D10AEFD52FCE1B /* Pods-ExampleObviousAppTests.debug.xcconfig */;
			buildSettings = {
				ALWAYS_EMBED_SWIFT_STANDARD_LIBRARIES = YES;
				BUNDLE_LOADER = "$(TEST_HOST)";
				CODE_SIGN_STYLE = Automatic;
				DEVELOPMENT_TEAM = EUL7UYLX84;
				INFOPLIST_FILE = ExampleObviousAppTests/Info.plist;
				LD_RUNPATH_SEARCH_PATHS = (
					"$(inherited)",
					"@executable_path/Frameworks",
					"@loader_path/Frameworks",
				);
				PRODUCT_BUNDLE_IDENTIFIER = com.example.ExampleObviousAppTests;
				PRODUCT_NAME = "$(TARGET_NAME)";
				SWIFT_VERSION = 5.0;
				TARGETED_DEVICE_FAMILY = "1,2";
				TEST_HOST = "$(BUILT_PRODUCTS_DIR)/ExampleObviousApp.app/ExampleObviousApp";
			};
			name = Debug;
		};
		AB6DD04D224D5E260022CD8F /* Release */ = {
			isa = XCBuildConfiguration;
			baseConfigurationReference = 9343FE0AD021557DF5CCCB67 /* Pods-ExampleObviousAppTests.release.xcconfig */;
			buildSettings = {
				ALWAYS_EMBED_SWIFT_STANDARD_LIBRARIES = YES;
				BUNDLE_LOADER = "$(TEST_HOST)";
				CODE_SIGN_STYLE = Automatic;
				DEVELOPMENT_TEAM = EUL7UYLX84;
				INFOPLIST_FILE = ExampleObviousAppTests/Info.plist;
				LD_RUNPATH_SEARCH_PATHS = (
					"$(inherited)",
					"@executable_path/Frameworks",
					"@loader_path/Frameworks",
				);
				PRODUCT_BUNDLE_IDENTIFIER = com.example.ExampleObviousAppTests;
				PRODUCT_NAME = "$(TARGET_NAME)";
				SWIFT_VERSION = 5.0;
				TARGETED_DEVICE_FAMILY = "1,2";
				TEST_HOST = "$(BUILT_PRODUCTS_DIR)/ExampleObviousApp.app/ExampleObviousApp";
			};
			name = Release;
		};
		AB6DD04F224D5E260022CD8F /* Debug */ = {
			isa = XCBuildConfiguration;
			buildSettings = {
				ALWAYS_EMBED_SWIFT_STANDARD_LIBRARIES = YES;
				CODE_SIGN_STYLE = Automatic;
				DEVELOPMENT_TEAM = EUL7UYLX84;
				INFOPLIST_FILE = ExampleObviousAppUITests/Info.plist;
				LD_RUNPATH_SEARCH_PATHS = (
					"$(inherited)",
					"@executable_path/Frameworks",
					"@loader_path/Frameworks",
				);
				PRODUCT_BUNDLE_IDENTIFIER = com.example.ExampleObviousAppUITests;
				PRODUCT_NAME = "$(TARGET_NAME)";
				SWIFT_VERSION = 5.0;
				TARGETED_DEVICE_FAMILY = "1,2";
				TEST_TARGET_NAME = ExampleObviousApp;
			};
			name = Debug;
		};
		AB6DD050224D5E260022CD8F /* Release */ = {
			isa = XCBuildConfiguration;
			buildSettings = {
				ALWAYS_EMBED_SWIFT_STANDARD_LIBRARIES = YES;
				CODE_SIGN_STYLE = Automatic;
				DEVELOPMENT_TEAM = EUL7UYLX84;
				INFOPLIST_FILE = ExampleObviousAppUITests/Info.plist;
				LD_RUNPATH_SEARCH_PATHS = (
					"$(inherited)",
					"@executable_path/Frameworks",
					"@loader_path/Frameworks",
				);
				PRODUCT_BUNDLE_IDENTIFIER = com.example.ExampleObviousAppUITests;
				PRODUCT_NAME = "$(TARGET_NAME)";
				SWIFT_VERSION = 5.0;
				TARGETED_DEVICE_FAMILY = "1,2";
				TEST_TARGET_NAME = ExampleObviousApp;
			};
			name = Release;
		};
/* End XCBuildConfiguration section */

/* Begin XCConfigurationList section */
		AB6DD017224D5E250022CD8F /* Build configuration list for PBXProject "ExampleObviousApp" */ = {
			isa = XCConfigurationList;
			buildConfigurations = (
				AB6DD046224D5E260022CD8F /* Debug */,
				AB6DD047224D5E260022CD8F /* Release */,
			);
			defaultConfigurationIsVisible = 0;
			defaultConfigurationName = Release;
		};
		AB6DD048224D5E260022CD8F /* Build configuration list for PBXNativeTarget "ExampleObviousApp" */ = {
			isa = XCConfigurationList;
			buildConfigurations = (
				AB6DD049224D5E260022CD8F /* Debug */,
				AB6DD04A224D5E260022CD8F /* Release */,
			);
			defaultConfigurationIsVisible = 0;
			defaultConfigurationName = Release;
		};
		AB6DD04B224D5E260022CD8F /* Build configuration list for PBXNativeTarget "ExampleObviousAppTests" */ = {
			isa = XCConfigurationList;
			buildConfigurations = (
				AB6DD04C224D5E260022CD8F /* Debug */,
				AB6DD04D224D5E260022CD8F /* Release */,
			);
			defaultConfigurationIsVisible = 0;
			defaultConfigurationName = Release;
		};
		AB6DD04E224D5E260022CD8F /* Build configuration list for PBXNativeTarget "ExampleObviousAppUITests" */ = {
			isa = XCConfigurationList;
			buildConfigurations = (
				AB6DD04F224D5E260022CD8F /* Debug */,
				AB6DD050224D5E260022CD8F /* Release */,
			);
			defaultConfigurationIsVisible = 0;
			defaultConfigurationName = Release;
		};
/* End XCConfigurationList section */
	};
	rootObject = AB6DD014224D5E250022CD8F /* Project object */;
}
